{
  "name": "webchat",
  "lockfileVersion": 2,
  "requires": true,
  "packages": {
    "": {
      "dependencies": {
        "drizzle-kit": "^0.30.5",
        "drizzle-orm": "^0.40.0",
        "ejs": "^3.1.10",
        "elysia": "^1.2.25",
        "mysql2": "^3.13.0"
      }
    },
    "node_modules/@drizzle-team/brocli": {
      "version": "0.10.2",
      "license": "Apache-2.0"
    },
    "node_modules/@esbuild-kit/core-utils": {
      "version": "3.3.2",
      "license": "MIT",
      "dependencies": {
        "esbuild": "~0.18.20",
        "source-map-support": "^0.5.21"
      }
    },
    "node_modules/@esbuild-kit/core-utils/node_modules/esbuild": {
      "version": "0.18.20",
      "hasInstallScript": true,
      "license": "MIT",
      "bin": {
        "esbuild": "bin/esbuild"
      },
      "engines": {
        "node": ">=12"
      },
      "optionalDependencies": {
        "@esbuild/android-arm": "0.18.20",
        "@esbuild/android-arm64": "0.18.20",
        "@esbuild/android-x64": "0.18.20",
        "@esbuild/darwin-arm64": "0.18.20",
        "@esbuild/darwin-x64": "0.18.20",
        "@esbuild/freebsd-arm64": "0.18.20",
        "@esbuild/freebsd-x64": "0.18.20",
        "@esbuild/linux-arm": "0.18.20",
        "@esbuild/linux-arm64": "0.18.20",
        "@esbuild/linux-ia32": "0.18.20",
        "@esbuild/linux-loong64": "0.18.20",
        "@esbuild/linux-mips64el": "0.18.20",
        "@esbuild/linux-ppc64": "0.18.20",
        "@esbuild/linux-riscv64": "0.18.20",
        "@esbuild/linux-s390x": "0.18.20",
        "@esbuild/linux-x64": "0.18.20",
        "@esbuild/netbsd-x64": "0.18.20",
        "@esbuild/openbsd-x64": "0.18.20",
        "@esbuild/sunos-x64": "0.18.20",
        "@esbuild/win32-arm64": "0.18.20",
        "@esbuild/win32-ia32": "0.18.20",
        "@esbuild/win32-x64": "0.18.20"
      }
    },
    "node_modules/@esbuild-kit/core-utils/node_modules/esbuild/node_modules/@esbuild/linux-x64": {
      "version": "0.18.20",
      "cpu": [
        "x64"
      ],
      "license": "MIT",
      "optional": true,
      "os": [
        "linux"
      ],
      "engines": {
        "node": ">=12"
      }
    },
    "node_modules/@esbuild-kit/esm-loader": {
      "version": "2.6.5",
      "license": "MIT",
      "dependencies": {
        "@esbuild-kit/core-utils": "^3.3.2",
        "get-tsconfig": "^4.7.0"
      }
    },
    "node_modules/@esbuild/linux-x64": {
      "version": "0.19.12",
      "cpu": [
        "x64"
      ],
      "license": "MIT",
      "optional": true,
      "os": [
        "linux"
      ],
      "engines": {
        "node": ">=12"
      }
    },
    "node_modules/@petamoriken/float16": {
      "version": "3.9.2",
      "license": "MIT"
    },
    "node_modules/@sinclair/typebox": {
      "version": "0.34.30",
      "license": "MIT"
    },
    "node_modules/ansi-styles": {
      "version": "4.3.0",
      "license": "MIT",
      "dependencies": {
        "color-convert": "^2.0.1"
      },
      "engines": {
        "node": ">=8"
      },
      "funding": {
        "url": "https://github.com/chalk/ansi-styles?sponsor=1"
      }
    },
    "node_modules/async": {
      "version": "3.2.6",
      "license": "MIT"
    },
    "node_modules/aws-ssl-profiles": {
      "version": "1.1.2",
      "license": "MIT",
      "engines": {
        "node": ">= 6.0.0"
      }
    },
    "node_modules/balanced-match": {
      "version": "1.0.2",
      "license": "MIT"
    },
    "node_modules/brace-expansion": {
      "version": "1.1.11",
      "license": "MIT",
      "dependencies": {
        "balanced-match": "^1.0.0",
        "concat-map": "0.0.1"
      }
    },
    "node_modules/buffer-from": {
      "version": "1.1.2",
      "license": "MIT"
    },
    "node_modules/chalk": {
      "version": "4.1.2",
      "license": "MIT",
      "dependencies": {
        "ansi-styles": "^4.1.0",
        "supports-color": "^7.1.0"
      },
      "engines": {
        "node": ">=10"
      },
      "funding": {
        "url": "https://github.com/chalk/chalk?sponsor=1"
      }
    },
    "node_modules/color-convert": {
      "version": "2.0.1",
      "license": "MIT",
      "dependencies": {
        "color-name": "~1.1.4"
      },
      "engines": {
        "node": ">=7.0.0"
      }
    },
    "node_modules/color-name": {
      "version": "1.1.4",
      "license": "MIT"
    },
    "node_modules/concat-map": {
      "version": "0.0.1",
      "license": "MIT"
    },
    "node_modules/cookie": {
      "version": "1.0.2",
      "license": "MIT",
      "engines": {
        "node": ">=18"
      }
    },
    "node_modules/debug": {
      "version": "4.4.0",
      "license": "MIT",
      "dependencies": {
        "ms": "^2.1.3"
      },
      "engines": {
        "node": ">=6.0"
      },
      "peerDependenciesMeta": {
        "supports-color": {
          "optional": true
        }
      }
    },
    "node_modules/denque": {
      "version": "2.1.0",
      "license": "Apache-2.0",
      "engines": {
        "node": ">=0.10"
      }
    },
    "node_modules/drizzle-kit": {
      "version": "0.30.5",
      "license": "MIT",
      "dependencies": {
        "@drizzle-team/brocli": "^0.10.2",
        "@esbuild-kit/esm-loader": "^2.5.5",
        "esbuild": "^0.19.7",
        "esbuild-register": "^3.5.0",
        "gel": "^2.0.0"
      },
      "bin": {
        "drizzle-kit": "bin.cjs"
      }
    },
    "node_modules/drizzle-orm": {
      "version": "0.40.0",
      "license": "Apache-2.0",
      "peerDependencies": {
        "@aws-sdk/client-rds-data": ">=3",
        "@cloudflare/workers-types": ">=4",
        "@electric-sql/pglite": ">=0.2.0",
        "@libsql/client": ">=0.10.0",
        "@libsql/client-wasm": ">=0.10.0",
        "@neondatabase/serverless": ">=0.10.0",
        "@op-engineering/op-sqlite": ">=2",
        "@opentelemetry/api": "^1.4.1",
        "@planetscale/database": ">=1",
        "@prisma/client": "*",
        "@tidbcloud/serverless": "*",
        "@types/better-sqlite3": "*",
        "@types/pg": "*",
        "@types/sql.js": "*",
        "@vercel/postgres": ">=0.8.0",
        "@xata.io/client": "*",
        "better-sqlite3": ">=7",
        "bun-types": "*",
        "expo-sqlite": ">=14.0.0",
        "gel": ">=2",
        "knex": "*",
        "kysely": "*",
        "mysql2": ">=2",
        "pg": ">=8",
        "postgres": ">=3",
        "sql.js": ">=1",
        "sqlite3": ">=5"
      },
      "peerDependenciesMeta": {
        "@aws-sdk/client-rds-data": {
          "optional": true
        },
        "@cloudflare/workers-types": {
          "optional": true
        },
        "@electric-sql/pglite": {
          "optional": true
        },
        "@libsql/client": {
          "optional": true
        },
        "@libsql/client-wasm": {
          "optional": true
        },
        "@neondatabase/serverless": {
          "optional": true
        },
        "@op-engineering/op-sqlite": {
          "optional": true
        },
        "@opentelemetry/api": {
          "optional": true
        },
        "@planetscale/database": {
          "optional": true
        },
        "@prisma/client": {
          "optional": true
        },
        "@tidbcloud/serverless": {
          "optional": true
        },
        "@types/better-sqlite3": {
          "optional": true
        },
        "@types/pg": {
          "optional": true
        },
        "@types/sql.js": {
          "optional": true
        },
        "@vercel/postgres": {
          "optional": true
        },
        "@xata.io/client": {
          "optional": true
        },
        "better-sqlite3": {
          "optional": true
        },
        "bun-types": {
          "optional": true
        },
        "expo-sqlite": {
          "optional": true
        },
        "gel": {
          "optional": true
        },
        "knex": {
          "optional": true
        },
        "kysely": {
          "optional": true
        },
        "mysql2": {
          "optional": true
        },
        "pg": {
          "optional": true
        },
        "postgres": {
          "optional": true
        },
        "prisma": {
          "optional": true
        },
        "sql.js": {
          "optional": true
        },
        "sqlite3": {
          "optional": true
        }
      }
    },
    "node_modules/ejs": {
      "version": "3.1.10",
      "license": "Apache-2.0",
      "dependencies": {
        "jake": "^10.8.5"
      },
      "bin": {
        "ejs": "bin/cli.js"
      },
      "engines": {
        "node": ">=0.10.0"
      }
    },
    "node_modules/elysia": {
      "version": "1.2.25",
      "license": "MIT",
      "dependencies": {
        "@sinclair/typebox": "^0.34.27",
        "cookie": "^1.0.2",
        "memoirist": "^0.3.0",
        "openapi-types": "^12.1.3"
      },
      "peerDependencies": {
        "@sinclair/typebox": ">= 0.34.0",
        "openapi-types": ">= 12.0.0",
        "typescript": ">= 5.0.0"
      },
      "peerDependenciesMeta": {
        "openapi-types": {
          "optional": true
        },
        "typescript": {
          "optional": true
        }
      }
    },
    "node_modules/env-paths": {
      "version": "3.0.0",
      "license": "MIT",
      "engines": {
        "node": "^12.20.0 || ^14.13.1 || >=16.0.0"
      },
      "funding": {
        "url": "https://github.com/sponsors/sindresorhus"
      }
    },
    "node_modules/esbuild": {
      "version": "0.19.12",
      "hasInstallScript": true,
      "license": "MIT",
      "bin": {
        "esbuild": "bin/esbuild"
      },
      "engines": {
        "node": ">=12"
      },
      "optionalDependencies": {
        "@esbuild/aix-ppc64": "0.19.12",
        "@esbuild/android-arm": "0.19.12",
        "@esbuild/android-arm64": "0.19.12",
        "@esbuild/android-x64": "0.19.12",
        "@esbuild/darwin-arm64": "0.19.12",
        "@esbuild/darwin-x64": "0.19.12",
        "@esbuild/freebsd-arm64": "0.19.12",
        "@esbuild/freebsd-x64": "0.19.12",
        "@esbuild/linux-arm": "0.19.12",
        "@esbuild/linux-arm64": "0.19.12",
        "@esbuild/linux-ia32": "0.19.12",
        "@esbuild/linux-loong64": "0.19.12",
        "@esbuild/linux-mips64el": "0.19.12",
        "@esbuild/linux-ppc64": "0.19.12",
        "@esbuild/linux-riscv64": "0.19.12",
        "@esbuild/linux-s390x": "0.19.12",
        "@esbuild/linux-x64": "0.19.12",
        "@esbuild/netbsd-x64": "0.19.12",
        "@esbuild/openbsd-x64": "0.19.12",
        "@esbuild/sunos-x64": "0.19.12",
        "@esbuild/win32-arm64": "0.19.12",
        "@esbuild/win32-ia32": "0.19.12",
        "@esbuild/win32-x64": "0.19.12"
      }
    },
    "node_modules/esbuild-register": {
      "version": "3.6.0",
      "license": "MIT",
      "dependencies": {
        "debug": "^4.3.4"
      },
      "peerDependencies": {
        "esbuild": ">=0.12 <1"
      }
    },
    "node_modules/filelist": {
      "version": "1.0.4",
      "license": "Apache-2.0",
      "dependencies": {
        "minimatch": "^5.0.1"
      }
    },
    "node_modules/filelist/node_modules/minimatch": {
      "version": "5.1.6",
      "license": "ISC",
      "dependencies": {
        "brace-expansion": "^2.0.1"
      },
      "engines": {
        "node": ">=10"
      }
    },
    "node_modules/filelist/node_modules/minimatch/node_modules/brace-expansion": {
      "version": "2.0.1",
      "license": "MIT",
      "dependencies": {
        "balanced-match": "^1.0.0"
      }
    },
    "node_modules/gel": {
      "version": "2.0.1",
      "license": "Apache-2.0",
      "dependencies": {
        "@petamoriken/float16": "^3.8.7",
        "debug": "^4.3.4",
        "env-paths": "^3.0.0",
        "semver": "^7.6.2",
        "shell-quote": "^1.8.1",
        "which": "^4.0.0"
      },
      "bin": {
        "gel": "dist/cli.mjs"
      },
      "engines": {
        "node": ">= 18.0.0"
      }
    },
    "node_modules/generate-function": {
      "version": "2.3.1",
      "license": "MIT",
      "dependencies": {
        "is-property": "^1.0.2"
      }
    },
    "node_modules/get-tsconfig": {
      "version": "4.10.0",
      "license": "MIT",
      "dependencies": {
        "resolve-pkg-maps": "^1.0.0"
      },
      "funding": {
        "url": "https://github.com/privatenumber/get-tsconfig?sponsor=1"
      }
    },
    "node_modules/has-flag": {
      "version": "4.0.0",
      "license": "MIT",
      "engines": {
        "node": ">=8"
      }
    },
    "node_modules/iconv-lite": {
      "version": "0.6.3",
      "license": "MIT",
      "dependencies": {
        "safer-buffer": ">= 2.1.2 < 3.0.0"
      },
      "engines": {
        "node": ">=0.10.0"
      }
    },
    "node_modules/is-property": {
      "version": "1.0.2",
      "license": "MIT"
    },
    "node_modules/isexe": {
      "version": "3.1.1",
      "license": "ISC",
      "engines": {
        "node": ">=16"
      }
    },
    "node_modules/jake": {
      "version": "10.9.2",
      "license": "Apache-2.0",
      "dependencies": {
        "async": "^3.2.3",
        "chalk": "^4.0.2",
        "filelist": "^1.0.4",
        "minimatch": "^3.1.2"
      },
      "bin": {
        "jake": "bin/cli.js"
      },
      "engines": {
        "node": ">=10"
      }
    },
    "node_modules/long": {
      "version": "5.3.1",
      "license": "Apache-2.0"
    },
    "node_modules/lru-cache": {
      "version": "7.18.3",
      "license": "ISC",
      "engines": {
        "node": ">=12"
      }
    },
    "node_modules/lru.min": {
      "version": "1.1.2",
      "license": "MIT",
      "engines": {
        "bun": ">=1.0.0",
        "deno": ">=1.30.0",
        "node": ">=8.0.0"
      },
      "funding": {
        "type": "github",
        "url": "https://github.com/sponsors/wellwelwel"
      }
    },
    "node_modules/memoirist": {
      "version": "0.3.0",
      "license": "MIT"
    },
    "node_modules/minimatch": {
      "version": "3.1.2",
      "license": "ISC",
      "dependencies": {
        "brace-expansion": "^1.1.7"
      },
      "engines": {
        "node": "*"
      }
    },
    "node_modules/ms": {
      "version": "2.1.3",
      "license": "MIT"
    },
    "node_modules/mysql2": {
      "version": "3.13.0",
      "license": "MIT",
      "dependencies": {
        "aws-ssl-profiles": "^1.1.1",
        "denque": "^2.1.0",
        "generate-function": "^2.3.1",
        "iconv-lite": "^0.6.3",
        "long": "^5.2.1",
        "lru.min": "^1.0.0",
        "named-placeholders": "^1.1.3",
        "seq-queue": "^0.0.5",
        "sqlstring": "^2.3.2"
      },
      "engines": {
        "node": ">= 8.0"
      }
    },
    "node_modules/named-placeholders": {
      "version": "1.1.3",
      "license": "MIT",
      "dependencies": {
        "lru-cache": "^7.14.1"
      },
      "engines": {
        "node": ">=12.0.0"
      }
    },
    "node_modules/openapi-types": {
      "version": "12.1.3",
      "license": "MIT"
    },
    "node_modules/resolve-pkg-maps": {
      "version": "1.0.0",
      "license": "MIT",
      "funding": {
        "url": "https://github.com/privatenumber/resolve-pkg-maps?sponsor=1"
      }
    },
    "node_modules/safer-buffer": {
      "version": "2.1.2",
      "license": "MIT"
    },
    "node_modules/semver": {
      "version": "7.7.1",
      "license": "ISC",
      "bin": {
        "semver": "bin/semver.js"
      },
      "engines": {
        "node": ">=10"
      }
    },
    "node_modules/seq-queue": {
      "version": "0.0.5"
    },
    "node_modules/shell-quote": {
      "version": "1.8.2",
      "license": "MIT",
      "engines": {
        "node": ">= 0.4"
      },
      "funding": {
        "url": "https://github.com/sponsors/ljharb"
      }
    },
    "node_modules/source-map": {
      "version": "0.6.1",
      "license": "BSD-3-Clause",
      "engines": {
        "node": ">=0.10.0"
      }
    },
    "node_modules/source-map-support": {
      "version": "0.5.21",
      "license": "MIT",
      "dependencies": {
        "buffer-from": "^1.0.0",
        "source-map": "^0.6.0"
      }
    },
    "node_modules/sqlstring": {
      "version": "2.3.3",
      "license": "MIT",
      "engines": {
        "node": ">= 0.6"
      }
    },
    "node_modules/supports-color": {
      "version": "7.2.0",
      "license": "MIT",
      "dependencies": {
        "has-flag": "^4.0.0"
      },
      "engines": {
        "node": ">=8"
      }
    },
    "node_modules/which": {
      "version": "4.0.0",
      "license": "ISC",
      "dependencies": {
        "isexe": "^3.1.1"
      },
      "bin": {
        "node-which": "bin/which.js"
      },
      "engines": {
        "node": "^16.13.0 || >=18.0.0"
      }
    }
  },
  "dependencies": {
    "@drizzle-team/brocli": {
      "version": "0.10.2"
    },
    "@esbuild-kit/core-utils": {
      "version": "3.3.2",
      "requires": {
        "esbuild": "~0.18.20",
        "source-map-support": "^0.5.21"
      },
      "dependencies": {
        "esbuild": {
          "version": "0.18.20",
          "requires": {
            "@esbuild/android-arm": "0.18.20",
            "@esbuild/android-arm64": "0.18.20",
            "@esbuild/android-x64": "0.18.20",
            "@esbuild/darwin-arm64": "0.18.20",
            "@esbuild/darwin-x64": "0.18.20",
            "@esbuild/freebsd-arm64": "0.18.20",
            "@esbuild/freebsd-x64": "0.18.20",
            "@esbuild/linux-arm": "0.18.20",
            "@esbuild/linux-arm64": "0.18.20",
            "@esbuild/linux-ia32": "0.18.20",
            "@esbuild/linux-loong64": "0.18.20",
            "@esbuild/linux-mips64el": "0.18.20",
            "@esbuild/linux-ppc64": "0.18.20",
            "@esbuild/linux-riscv64": "0.18.20",
            "@esbuild/linux-s390x": "0.18.20",
            "@esbuild/linux-x64": "0.18.20",
            "@esbuild/netbsd-x64": "0.18.20",
            "@esbuild/openbsd-x64": "0.18.20",
            "@esbuild/sunos-x64": "0.18.20",
            "@esbuild/win32-arm64": "0.18.20",
            "@esbuild/win32-ia32": "0.18.20",
            "@esbuild/win32-x64": "0.18.20"
          },
          "dependencies": {
            "@esbuild/linux-x64": {
              "version": "0.18.20",
              "optional": true
            }
          }
        }
      }
    },
    "@esbuild-kit/esm-loader": {
      "version": "2.6.5",
      "requires": {
        "@esbuild-kit/core-utils": "^3.3.2",
        "get-tsconfig": "^4.7.0"
      }
    },
    "@esbuild/linux-x64": {
      "version": "0.19.12",
      "optional": true
    },
    "@petamoriken/float16": {
      "version": "3.9.2"
    },
    "@sinclair/typebox": {
      "version": "0.34.30"
    },
    "ansi-styles": {
      "version": "4.3.0",
      "requires": {
        "color-convert": "^2.0.1"
      }
    },
    "async": {
      "version": "3.2.6"
    },
    "aws-ssl-profiles": {
      "version": "1.1.2"
    },
    "balanced-match": {
      "version": "1.0.2"
    },
    "brace-expansion": {
      "version": "1.1.11",
      "requires": {
        "balanced-match": "^1.0.0",
        "concat-map": "0.0.1"
      }
    },
    "buffer-from": {
      "version": "1.1.2"
    },
    "chalk": {
      "version": "4.1.2",
      "requires": {
        "ansi-styles": "^4.1.0",
        "supports-color": "^7.1.0"
      }
    },
    "color-convert": {
      "version": "2.0.1",
      "requires": {
        "color-name": "~1.1.4"
      }
    },
    "color-name": {
      "version": "1.1.4"
    },
    "concat-map": {
      "version": "0.0.1"
    },
    "cookie": {
      "version": "1.0.2"
    },
    "debug": {
      "version": "4.4.0",
      "requires": {
        "ms": "^2.1.3"
      }
    },
    "denque": {
      "version": "2.1.0"
    },
    "drizzle-kit": {
      "version": "0.30.5",
      "requires": {
        "@drizzle-team/brocli": "^0.10.2",
        "@esbuild-kit/esm-loader": "^2.5.5",
        "esbuild": "^0.19.7",
        "esbuild-register": "^3.5.0",
        "gel": "^2.0.0"
      }
    },
    "drizzle-orm": {
      "version": "0.40.0",
      "requires": {}
    },
    "ejs": {
      "version": "3.1.10",
      "requires": {
        "jake": "^10.8.5"
      }
    },
    "elysia": {
      "version": "1.2.25",
      "requires": {
        "@sinclair/typebox": "^0.34.27",
        "cookie": "^1.0.2",
        "memoirist": "^0.3.0",
        "openapi-types": "^12.1.3"
      }
    },
    "env-paths": {
      "version": "3.0.0"
    },
    "esbuild": {
      "version": "0.19.12",
      "requires": {
        "@esbuild/aix-ppc64": "0.19.12",
        "@esbuild/android-arm": "0.19.12",
        "@esbuild/android-arm64": "0.19.12",
        "@esbuild/android-x64": "0.19.12",
        "@esbuild/darwin-arm64": "0.19.12",
        "@esbuild/darwin-x64": "0.19.12",
        "@esbuild/freebsd-arm64": "0.19.12",
        "@esbuild/freebsd-x64": "0.19.12",
        "@esbuild/linux-arm": "0.19.12",
        "@esbuild/linux-arm64": "0.19.12",
        "@esbuild/linux-ia32": "0.19.12",
        "@esbuild/linux-loong64": "0.19.12",
        "@esbuild/linux-mips64el": "0.19.12",
        "@esbuild/linux-ppc64": "0.19.12",
        "@esbuild/linux-riscv64": "0.19.12",
        "@esbuild/linux-s390x": "0.19.12",
        "@esbuild/linux-x64": "0.19.12",
        "@esbuild/netbsd-x64": "0.19.12",
        "@esbuild/openbsd-x64": "0.19.12",
        "@esbuild/sunos-x64": "0.19.12",
        "@esbuild/win32-arm64": "0.19.12",
        "@esbuild/win32-ia32": "0.19.12",
        "@esbuild/win32-x64": "0.19.12"
      }
    },
    "esbuild-register": {
      "version": "3.6.0",
      "requires": {
        "debug": "^4.3.4"
      }
    },
    "filelist": {
      "version": "1.0.4",
      "requires": {
        "minimatch": "^5.0.1"
      },
      "dependencies": {
        "minimatch": {
          "version": "5.1.6",
          "requires": {
            "brace-expansion": "^2.0.1"
          },
          "dependencies": {
            "brace-expansion": {
              "version": "2.0.1",
              "requires": {
                "balanced-match": "^1.0.0"
              }
            }
          }
        }
      }
    },
    "gel": {
      "version": "2.0.1",
      "requires": {
        "@petamoriken/float16": "^3.8.7",
        "debug": "^4.3.4",
        "env-paths": "^3.0.0",
        "semver": "^7.6.2",
        "shell-quote": "^1.8.1",
        "which": "^4.0.0"
      }
    },
    "generate-function": {
      "version": "2.3.1",
      "requires": {
        "is-property": "^1.0.2"
      }
    },
    "get-tsconfig": {
      "version": "4.10.0",
      "requires": {
        "resolve-pkg-maps": "^1.0.0"
      }
    },
    "has-flag": {
      "version": "4.0.0"
    },
    "iconv-lite": {
      "version": "0.6.3",
      "requires": {
        "safer-buffer": ">= 2.1.2 < 3.0.0"
      }
    },
    "is-property": {
      "version": "1.0.2"
    },
    "isexe": {
      "version": "3.1.1"
    },
    "jake": {
      "version": "10.9.2",
      "requires": {
        "async": "^3.2.3",
        "chalk": "^4.0.2",
        "filelist": "^1.0.4",
        "minimatch": "^3.1.2"
      }
    },
    "long": {
      "version": "5.3.1"
    },
    "lru-cache": {
      "version": "7.18.3"
    },
    "lru.min": {
      "version": "1.1.2"
    },
    "memoirist": {
      "version": "0.3.0"
    },
    "minimatch": {
      "version": "3.1.2",
      "requires": {
        "brace-expansion": "^1.1.7"
      }
    },
    "ms": {
      "version": "2.1.3"
    },
    "mysql2": {
      "version": "3.13.0",
      "requires": {
        "aws-ssl-profiles": "^1.1.1",
        "denque": "^2.1.0",
        "generate-function": "^2.3.1",
        "iconv-lite": "^0.6.3",
        "long": "^5.2.1",
        "lru.min": "^1.0.0",
        "named-placeholders": "^1.1.3",
        "seq-queue": "^0.0.5",
        "sqlstring": "^2.3.2"
      }
    },
    "named-placeholders": {
      "version": "1.1.3",
      "requires": {
        "lru-cache": "^7.14.1"
      }
    },
    "openapi-types": {
      "version": "12.1.3"
    },
    "resolve-pkg-maps": {
      "version": "1.0.0"
    },
    "safer-buffer": {
      "version": "2.1.2"
    },
    "semver": {
      "version": "7.7.1"
    },
    "seq-queue": {
      "version": "0.0.5"
    },
    "shell-quote": {
      "version": "1.8.2"
    },
    "source-map": {
      "version": "0.6.1"
    },
    "source-map-support": {
      "version": "0.5.21",
      "requires": {
        "buffer-from": "^1.0.0",
        "source-map": "^0.6.0"
      }
    },
    "sqlstring": {
      "version": "2.3.3"
    },
    "supports-color": {
      "version": "7.2.0",
      "requires": {
        "has-flag": "^4.0.0"
      }
    },
    "which": {
      "version": "4.0.0",
      "requires": {
        "isexe": "^3.1.1"
      }
    }
  }
}
